// !$*UTF8*$!
{
	archiveVersion = 1;
	classes = {
	};
	objectVersion = 56;
	objects = {

/* Begin PBXBuildFile section */
		5118346C2951E762000902F4 /* + AlertController.swift in Sources */ = {isa = PBXBuildFile; fileRef = 5118346B2951E762000902F4 /* + AlertController.swift */; };
		5118346F2951EBA0000902F4 /* TasksViewController.swift in Sources */ = {isa = PBXBuildFile; fileRef = 5118346E2951EBA0000902F4 /* TasksViewController.swift */; };
		51183471295221C4000902F4 /* + TableViewCell.swift in Sources */ = {isa = PBXBuildFile; fileRef = 51183470295221C4000902F4 /* + TableViewCell.swift */; };
		514E9B5D2951D3A500C9D5DA /* AppDelegate.swift in Sources */ = {isa = PBXBuildFile; fileRef = 514E9B5C2951D3A500C9D5DA /* AppDelegate.swift */; };
		514E9B5F2951D3A500C9D5DA /* SceneDelegate.swift in Sources */ = {isa = PBXBuildFile; fileRef = 514E9B5E2951D3A500C9D5DA /* SceneDelegate.swift */; };
		514E9B612951D3A500C9D5DA /* TaskListViewController.swift in Sources */ = {isa = PBXBuildFile; fileRef = 514E9B602951D3A500C9D5DA /* TaskListViewController.swift */; };
		514E9B672951D3A500C9D5DA /* toDo_Ro.xcdatamodeld in Sources */ = {isa = PBXBuildFile; fileRef = 514E9B652951D3A500C9D5DA /* toDo_Ro.xcdatamodeld */; };
		514E9B692951D3A800C9D5DA /* Assets.xcassets in Resources */ = {isa = PBXBuildFile; fileRef = 514E9B682951D3A800C9D5DA /* Assets.xcassets */; };
		514E9B6C2951D3A800C9D5DA /* LaunchScreen.storyboard in Resources */ = {isa = PBXBuildFile; fileRef = 514E9B6A2951D3A800C9D5DA /* LaunchScreen.storyboard */; };
		514E9B772951D3A900C9D5DA /* TaskListsTests.swift in Sources */ = {isa = PBXBuildFile; fileRef = 514E9B762951D3A900C9D5DA /* TaskListsTests.swift */; };
		514E9B812951D3A900C9D5DA /* toDo_RoUITests.swift in Sources */ = {isa = PBXBuildFile; fileRef = 514E9B802951D3A900C9D5DA /* toDo_RoUITests.swift */; };
		514E9B832951D3A900C9D5DA /* toDo_RoUITestsLaunchTests.swift in Sources */ = {isa = PBXBuildFile; fileRef = 514E9B822951D3A900C9D5DA /* toDo_RoUITestsLaunchTests.swift */; };
		514E9B942951DD1A00C9D5DA /* TaskLists+CoreDataClass.swift in Sources */ = {isa = PBXBuildFile; fileRef = 514E9B902951DD1A00C9D5DA /* TaskLists+CoreDataClass.swift */; };
		514E9B952951DD1A00C9D5DA /* TaskLists+CoreDataProperties.swift in Sources */ = {isa = PBXBuildFile; fileRef = 514E9B912951DD1A00C9D5DA /* TaskLists+CoreDataProperties.swift */; };
		514E9B962951DD1A00C9D5DA /* Task+CoreDataClass.swift in Sources */ = {isa = PBXBuildFile; fileRef = 514E9B922951DD1A00C9D5DA /* Task+CoreDataClass.swift */; };
		514E9B972951DD1A00C9D5DA /* Task+CoreDataProperties.swift in Sources */ = {isa = PBXBuildFile; fileRef = 514E9B932951DD1A00C9D5DA /* Task+CoreDataProperties.swift */; };
		514E9B9B2951DF8D00C9D5DA /* StorageManager.swift in Sources */ = {isa = PBXBuildFile; fileRef = 514E9B9A2951DF8D00C9D5DA /* StorageManager.swift */; };
		515C1D9E295341480063F16D /* TasksViewModel.swift in Sources */ = {isa = PBXBuildFile; fileRef = 515C1D9D295341480063F16D /* TasksViewModel.swift */; };
		515C1DA5295354E70063F16D /* Box.swift in Sources */ = {isa = PBXBuildFile; fileRef = 515C1DA4295354E70063F16D /* Box.swift */; };
		515C1DA72953569F0063F16D /* TaskListCellViewModel.swift in Sources */ = {isa = PBXBuildFile; fileRef = 515C1DA62953569F0063F16D /* TaskListCellViewModel.swift */; };
		A32605C4297092D4000B7114 /* Ractagle.swift in Sources */ = {isa = PBXBuildFile; fileRef = A32605C3297092D4000B7114 /* Ractagle.swift */; };
		A37917A2296DCC6C00BCF84A /* TestTaskListViewModel.swift in Sources */ = {isa = PBXBuildFile; fileRef = A37917A1296DCC6C00BCF84A /* TestTaskListViewModel.swift */; };
		A37917A6296DCD0F00BCF84A /* TestTasksViewModel.swift in Sources */ = {isa = PBXBuildFile; fileRef = A37917A5296DCD0F00BCF84A /* TestTasksViewModel.swift */; };
		A3CE8B9F295DD9C0004C1A69 /* SwiftyGif in Frameworks */ = {isa = PBXBuildFile; productRef = A3CE8B9E295DD9C0004C1A69 /* SwiftyGif */; };
		A3CE8BA7295DDD82004C1A69 /* StartViewController.swift in Sources */ = {isa = PBXBuildFile; fileRef = A3CE8BA6295DDD82004C1A69 /* StartViewController.swift */; };
		A3CE8BA9295DDDEA004C1A69 /* Gif.swift in Sources */ = {isa = PBXBuildFile; fileRef = A3CE8BA8295DDDEA004C1A69 /* Gif.swift */; };
		A3CE8BAB295DDE36004C1A69 /* + UIView.swift in Sources */ = {isa = PBXBuildFile; fileRef = A3CE8BAA295DDE36004C1A69 /* + UIView.swift */; };
		A3CE8BB1295DFD1A004C1A69 /* first.gif in Resources */ = {isa = PBXBuildFile; fileRef = A3CE8BB0295DFD1A004C1A69 /* first.gif */; };
		A3CE8BB5295E0E27004C1A69 /* TaskTests.swift in Sources */ = {isa = PBXBuildFile; fileRef = A3CE8BB4295E0E27004C1A69 /* TaskTests.swift */; };
/* End PBXBuildFile section */

/* Begin PBXContainerItemProxy section */
		514E9B732951D3A900C9D5DA /* PBXContainerItemProxy */ = {
			isa = PBXContainerItemProxy;
			containerPortal = 514E9B512951D3A500C9D5DA /* Project object */;
			proxyType = 1;
			remoteGlobalIDString = 514E9B582951D3A500C9D5DA;
			remoteInfo = "toDo-Ro";
		};
		514E9B7D2951D3A900C9D5DA /* PBXContainerItemProxy */ = {
			isa = PBXContainerItemProxy;
			containerPortal = 514E9B512951D3A500C9D5DA /* Project object */;
			proxyType = 1;
			remoteGlobalIDString = 514E9B582951D3A500C9D5DA;
			remoteInfo = "toDo-Ro";
		};
/* End PBXContainerItemProxy section */

/* Begin PBXFileReference section */
		5118346B2951E762000902F4 /* + AlertController.swift */ = {isa = PBXFileReference; lastKnownFileType = sourcecode.swift; path = "+ AlertController.swift"; sourceTree = "<group>"; };
		5118346E2951EBA0000902F4 /* TasksViewController.swift */ = {isa = PBXFileReference; lastKnownFileType = sourcecode.swift; path = TasksViewController.swift; sourceTree = "<group>"; };
		51183470295221C4000902F4 /* + TableViewCell.swift */ = {isa = PBXFileReference; lastKnownFileType = sourcecode.swift; path = "+ TableViewCell.swift"; sourceTree = "<group>"; };
		514E9B592951D3A500C9D5DA /* toDo-Ro.app */ = {isa = PBXFileReference; explicitFileType = wrapper.application; includeInIndex = 0; path = "toDo-Ro.app"; sourceTree = BUILT_PRODUCTS_DIR; };
		514E9B5C2951D3A500C9D5DA /* AppDelegate.swift */ = {isa = PBXFileReference; lastKnownFileType = sourcecode.swift; path = AppDelegate.swift; sourceTree = "<group>"; };
		514E9B5E2951D3A500C9D5DA /* SceneDelegate.swift */ = {isa = PBXFileReference; lastKnownFileType = sourcecode.swift; path = SceneDelegate.swift; sourceTree = "<group>"; };
		514E9B602951D3A500C9D5DA /* TaskListViewController.swift */ = {isa = PBXFileReference; lastKnownFileType = sourcecode.swift; path = TaskListViewController.swift; sourceTree = "<group>"; };
		514E9B662951D3A500C9D5DA /* toDo_Ro.xcdatamodel */ = {isa = PBXFileReference; lastKnownFileType = wrapper.xcdatamodel; path = toDo_Ro.xcdatamodel; sourceTree = "<group>"; };
		514E9B682951D3A800C9D5DA /* Assets.xcassets */ = {isa = PBXFileReference; lastKnownFileType = folder.assetcatalog; path = Assets.xcassets; sourceTree = "<group>"; };
		514E9B6B2951D3A800C9D5DA /* Base */ = {isa = PBXFileReference; lastKnownFileType = file.storyboard; name = Base; path = Base.lproj/LaunchScreen.storyboard; sourceTree = "<group>"; };
		514E9B6D2951D3A800C9D5DA /* Info.plist */ = {isa = PBXFileReference; lastKnownFileType = text.plist.xml; path = Info.plist; sourceTree = "<group>"; };
		514E9B722951D3A900C9D5DA /* toDo-RoTests.xctest */ = {isa = PBXFileReference; explicitFileType = wrapper.cfbundle; includeInIndex = 0; path = "toDo-RoTests.xctest"; sourceTree = BUILT_PRODUCTS_DIR; };
		514E9B762951D3A900C9D5DA /* TaskListsTests.swift */ = {isa = PBXFileReference; lastKnownFileType = sourcecode.swift; path = TaskListsTests.swift; sourceTree = "<group>"; };
		514E9B7C2951D3A900C9D5DA /* toDo-RoUITests.xctest */ = {isa = PBXFileReference; explicitFileType = wrapper.cfbundle; includeInIndex = 0; path = "toDo-RoUITests.xctest"; sourceTree = BUILT_PRODUCTS_DIR; };
		514E9B802951D3A900C9D5DA /* toDo_RoUITests.swift */ = {isa = PBXFileReference; lastKnownFileType = sourcecode.swift; path = toDo_RoUITests.swift; sourceTree = "<group>"; };
		514E9B822951D3A900C9D5DA /* toDo_RoUITestsLaunchTests.swift */ = {isa = PBXFileReference; lastKnownFileType = sourcecode.swift; path = toDo_RoUITestsLaunchTests.swift; sourceTree = "<group>"; };
		514E9B902951DD1A00C9D5DA /* TaskLists+CoreDataClass.swift */ = {isa = PBXFileReference; lastKnownFileType = sourcecode.swift; path = "TaskLists+CoreDataClass.swift"; sourceTree = "<group>"; };
		514E9B912951DD1A00C9D5DA /* TaskLists+CoreDataProperties.swift */ = {isa = PBXFileReference; lastKnownFileType = sourcecode.swift; path = "TaskLists+CoreDataProperties.swift"; sourceTree = "<group>"; };
		514E9B922951DD1A00C9D5DA /* Task+CoreDataClass.swift */ = {isa = PBXFileReference; lastKnownFileType = sourcecode.swift; path = "Task+CoreDataClass.swift"; sourceTree = "<group>"; };
		514E9B932951DD1A00C9D5DA /* Task+CoreDataProperties.swift */ = {isa = PBXFileReference; lastKnownFileType = sourcecode.swift; path = "Task+CoreDataProperties.swift"; sourceTree = "<group>"; };
		514E9B9A2951DF8D00C9D5DA /* StorageManager.swift */ = {isa = PBXFileReference; lastKnownFileType = sourcecode.swift; path = StorageManager.swift; sourceTree = "<group>"; };
		515C1D9D295341480063F16D /* TasksViewModel.swift */ = {isa = PBXFileReference; lastKnownFileType = sourcecode.swift; path = TasksViewModel.swift; sourceTree = "<group>"; };
		515C1DA4295354E70063F16D /* Box.swift */ = {isa = PBXFileReference; lastKnownFileType = sourcecode.swift; path = Box.swift; sourceTree = "<group>"; };
		515C1DA62953569F0063F16D /* TaskListCellViewModel.swift */ = {isa = PBXFileReference; lastKnownFileType = sourcecode.swift; path = TaskListCellViewModel.swift; sourceTree = "<group>"; };
		A32605C3297092D4000B7114 /* Ractagle.swift */ = {isa = PBXFileReference; lastKnownFileType = sourcecode.swift; path = Ractagle.swift; sourceTree = "<group>"; };
		A37917A1296DCC6C00BCF84A /* TestTaskListViewModel.swift */ = {isa = PBXFileReference; lastKnownFileType = sourcecode.swift; name = TestTaskListViewModel.swift; path = "toDo-RoTests/TestViewModels/TestTaskListViewModel.swift"; sourceTree = SOURCE_ROOT; };
		A37917A5296DCD0F00BCF84A /* TestTasksViewModel.swift */ = {isa = PBXFileReference; lastKnownFileType = sourcecode.swift; path = TestTasksViewModel.swift; sourceTree = "<group>"; };
		A3CE8BA6295DDD82004C1A69 /* StartViewController.swift */ = {isa = PBXFileReference; lastKnownFileType = sourcecode.swift; path = StartViewController.swift; sourceTree = "<group>"; };
		A3CE8BA8295DDDEA004C1A69 /* Gif.swift */ = {isa = PBXFileReference; lastKnownFileType = sourcecode.swift; path = Gif.swift; sourceTree = "<group>"; };
		A3CE8BAA295DDE36004C1A69 /* + UIView.swift */ = {isa = PBXFileReference; lastKnownFileType = sourcecode.swift; path = "+ UIView.swift"; sourceTree = "<group>"; };
		A3CE8BB0295DFD1A004C1A69 /* first.gif */ = {isa = PBXFileReference; lastKnownFileType = image.gif; path = first.gif; sourceTree = "<group>"; };
		A3CE8BB4295E0E27004C1A69 /* TaskTests.swift */ = {isa = PBXFileReference; lastKnownFileType = sourcecode.swift; path = TaskTests.swift; sourceTree = "<group>"; };
/* End PBXFileReference section */

/* Begin PBXFrameworksBuildPhase section */
		514E9B562951D3A500C9D5DA /* Frameworks */ = {
			isa = PBXFrameworksBuildPhase;
			buildActionMask = 2147483647;
			files = (
				A3CE8B9F295DD9C0004C1A69 /* SwiftyGif in Frameworks */,
			);
			runOnlyForDeploymentPostprocessing = 0;
		};
		514E9B6F2951D3A900C9D5DA /* Frameworks */ = {
			isa = PBXFrameworksBuildPhase;
			buildActionMask = 2147483647;
			files = (
			);
			runOnlyForDeploymentPostprocessing = 0;
		};
		514E9B792951D3A900C9D5DA /* Frameworks */ = {
			isa = PBXFrameworksBuildPhase;
			buildActionMask = 2147483647;
			files = (
			);
			runOnlyForDeploymentPostprocessing = 0;
		};
/* End PBXFrameworksBuildPhase section */

/* Begin PBXGroup section */
		5118346A2951E74F000902F4 /* Extension */ = {
			isa = PBXGroup;
			children = (
				5118346B2951E762000902F4 /* + AlertController.swift */,
				51183470295221C4000902F4 /* + TableViewCell.swift */,
				A3CE8BAA295DDE36004C1A69 /* + UIView.swift */,
			);
			path = Extension;
			sourceTree = "<group>";
		};
		5118346D2951EB82000902F4 /* Tasks */ = {
			isa = PBXGroup;
			children = (
				5118346E2951EBA0000902F4 /* TasksViewController.swift */,
				515C1D9D295341480063F16D /* TasksViewModel.swift */,
			);
			path = Tasks;
			sourceTree = "<group>";
		};
		514E9B502951D3A500C9D5DA = {
			isa = PBXGroup;
			children = (
				514E9B5B2951D3A500C9D5DA /* toDo-Ro */,
				514E9B752951D3A900C9D5DA /* toDo-RoTests */,
				514E9B7F2951D3A900C9D5DA /* toDo-RoUITests */,
				514E9B5A2951D3A500C9D5DA /* Products */,
			);
			sourceTree = "<group>";
		};
		514E9B5A2951D3A500C9D5DA /* Products */ = {
			isa = PBXGroup;
			children = (
				514E9B592951D3A500C9D5DA /* toDo-Ro.app */,
				514E9B722951D3A900C9D5DA /* toDo-RoTests.xctest */,
				514E9B7C2951D3A900C9D5DA /* toDo-RoUITests.xctest */,
			);
			name = Products;
			sourceTree = "<group>";
		};
		514E9B5B2951D3A500C9D5DA /* toDo-Ro */ = {
			isa = PBXGroup;
			children = (
				515C1DA3295354D70063F16D /* Helper */,
				514E9B8F2951DC7E00C9D5DA /* CoreData */,
				515C1D9F295348550063F16D /* Services */,
				514E9B982951DF4400C9D5DA /* ViewControllers */,
				515C1DA22953497F0063F16D /* StoryBoards */,
				515C1DA1295349720063F16D /* Resources */,
				515C1DA02953493A0063F16D /* Supporting Files */,
			);
			path = "toDo-Ro";
			sourceTree = "<group>";
		};
		514E9B752951D3A900C9D5DA /* toDo-RoTests */ = {
			isa = PBXGroup;
			children = (
				A37917A3296DCCE100BCF84A /* TestViewModels */,
				A379179D296DCA7E00BCF84A /* TestCoreData */,
			);
			path = "toDo-RoTests";
			sourceTree = "<group>";
		};
		514E9B7F2951D3A900C9D5DA /* toDo-RoUITests */ = {
			isa = PBXGroup;
			children = (
				514E9B802951D3A900C9D5DA /* toDo_RoUITests.swift */,
				514E9B822951D3A900C9D5DA /* toDo_RoUITestsLaunchTests.swift */,
			);
			path = "toDo-RoUITests";
			sourceTree = "<group>";
		};
		514E9B8F2951DC7E00C9D5DA /* CoreData */ = {
			isa = PBXGroup;
			children = (
				514E9B902951DD1A00C9D5DA /* TaskLists+CoreDataClass.swift */,
				514E9B912951DD1A00C9D5DA /* TaskLists+CoreDataProperties.swift */,
				514E9B922951DD1A00C9D5DA /* Task+CoreDataClass.swift */,
				514E9B932951DD1A00C9D5DA /* Task+CoreDataProperties.swift */,
				514E9B652951D3A500C9D5DA /* toDo_Ro.xcdatamodeld */,
			);
			path = CoreData;
			sourceTree = "<group>";
		};
		514E9B982951DF4400C9D5DA /* ViewControllers */ = {
			isa = PBXGroup;
			children = (
				A3CE8BA5295DDD62004C1A69 /* LoadScreen */,
				514E9B992951DF4E00C9D5DA /* TaskList */,
				5118346D2951EB82000902F4 /* Tasks */,
			);
			path = ViewControllers;
			sourceTree = "<group>";
		};
		514E9B992951DF4E00C9D5DA /* TaskList */ = {
			isa = PBXGroup;
			children = (
				514E9B602951D3A500C9D5DA /* TaskListViewController.swift */,
				515C1DA62953569F0063F16D /* TaskListCellViewModel.swift */,
			);
			path = TaskList;
			sourceTree = "<group>";
		};
		515C1D9F295348550063F16D /* Services */ = {
			isa = PBXGroup;
			children = (
				514E9B9A2951DF8D00C9D5DA /* StorageManager.swift */,
			);
			path = Services;
			sourceTree = "<group>";
		};
		515C1DA02953493A0063F16D /* Supporting Files */ = {
			isa = PBXGroup;
			children = (
				514E9B6D2951D3A800C9D5DA /* Info.plist */,
				514E9B5C2951D3A500C9D5DA /* AppDelegate.swift */,
				514E9B5E2951D3A500C9D5DA /* SceneDelegate.swift */,
			);
			path = "Supporting Files";
			sourceTree = "<group>";
		};
		515C1DA1295349720063F16D /* Resources */ = {
			isa = PBXGroup;
			children = (
				A3CE8BA0295DDCDB004C1A69 /* Gif */,
				514E9B682951D3A800C9D5DA /* Assets.xcassets */,
			);
			path = Resources;
			sourceTree = "<group>";
		};
		515C1DA22953497F0063F16D /* StoryBoards */ = {
			isa = PBXGroup;
			children = (
				514E9B6A2951D3A800C9D5DA /* LaunchScreen.storyboard */,
			);
			path = StoryBoards;
			sourceTree = "<group>";
		};
		515C1DA3295354D70063F16D /* Helper */ = {
			isa = PBXGroup;
			children = (
				5118346A2951E74F000902F4 /* Extension */,
				515C1DA4295354E70063F16D /* Box.swift */,
				A3CE8BA8295DDDEA004C1A69 /* Gif.swift */,
				A32605C3297092D4000B7114 /* Ractagle.swift */,
			);
			path = Helper;
			sourceTree = "<group>";
		};
		A379179D296DCA7E00BCF84A /* TestCoreData */ = {
			isa = PBXGroup;
			children = (
				514E9B762951D3A900C9D5DA /* TaskListsTests.swift */,
				A3CE8BB4295E0E27004C1A69 /* TaskTests.swift */,
			);
			path = TestCoreData;
			sourceTree = "<group>";
		};
		A37917A3296DCCE100BCF84A /* TestViewModels */ = {
			isa = PBXGroup;
			children = (
				A37917A1296DCC6C00BCF84A /* TestTaskListViewModel.swift */,
				A37917A5296DCD0F00BCF84A /* TestTasksViewModel.swift */,
			);
			path = TestViewModels;
			sourceTree = "<group>";
		};
		A3CE8BA0295DDCDB004C1A69 /* Gif */ = {
			isa = PBXGroup;
			children = (
				A3CE8BB0295DFD1A004C1A69 /* first.gif */,
			);
			path = Gif;
			sourceTree = "<group>";
		};
		A3CE8BA5295DDD62004C1A69 /* LoadScreen */ = {
			isa = PBXGroup;
			children = (
				A3CE8BA6295DDD82004C1A69 /* StartViewController.swift */,
			);
			path = LoadScreen;
			sourceTree = "<group>";
		};
/* End PBXGroup section */

/* Begin PBXNativeTarget section */
		514E9B582951D3A500C9D5DA /* toDo-Ro */ = {
			isa = PBXNativeTarget;
			buildConfigurationList = 514E9B862951D3A900C9D5DA /* Build configuration list for PBXNativeTarget "toDo-Ro" */;
			buildPhases = (
				514E9B552951D3A500C9D5DA /* Sources */,
				514E9B562951D3A500C9D5DA /* Frameworks */,
				514E9B572951D3A500C9D5DA /* Resources */,
			);
			buildRules = (
			);
			dependencies = (
			);
			name = "toDo-Ro";
			packageProductDependencies = (
				A3CE8B9E295DD9C0004C1A69 /* SwiftyGif */,
			);
			productName = "toDo-Ro";
			productReference = 514E9B592951D3A500C9D5DA /* toDo-Ro.app */;
			productType = "com.apple.product-type.application";
		};
		514E9B712951D3A900C9D5DA /* toDo-RoTests */ = {
			isa = PBXNativeTarget;
			buildConfigurationList = 514E9B892951D3A900C9D5DA /* Build configuration list for PBXNativeTarget "toDo-RoTests" */;
			buildPhases = (
				514E9B6E2951D3A900C9D5DA /* Sources */,
				514E9B6F2951D3A900C9D5DA /* Frameworks */,
				514E9B702951D3A900C9D5DA /* Resources */,
			);
			buildRules = (
			);
			dependencies = (
				514E9B742951D3A900C9D5DA /* PBXTargetDependency */,
			);
			name = "toDo-RoTests";
			productName = "toDo-RoTests";
			productReference = 514E9B722951D3A900C9D5DA /* toDo-RoTests.xctest */;
			productType = "com.apple.product-type.bundle.unit-test";
		};
		514E9B7B2951D3A900C9D5DA /* toDo-RoUITests */ = {
			isa = PBXNativeTarget;
			buildConfigurationList = 514E9B8C2951D3A900C9D5DA /* Build configuration list for PBXNativeTarget "toDo-RoUITests" */;
			buildPhases = (
				514E9B782951D3A900C9D5DA /* Sources */,
				514E9B792951D3A900C9D5DA /* Frameworks */,
				514E9B7A2951D3A900C9D5DA /* Resources */,
			);
			buildRules = (
			);
			dependencies = (
				514E9B7E2951D3A900C9D5DA /* PBXTargetDependency */,
			);
			name = "toDo-RoUITests";
			productName = "toDo-RoUITests";
			productReference = 514E9B7C2951D3A900C9D5DA /* toDo-RoUITests.xctest */;
			productType = "com.apple.product-type.bundle.ui-testing";
		};
/* End PBXNativeTarget section */

/* Begin PBXProject section */
		514E9B512951D3A500C9D5DA /* Project object */ = {
			isa = PBXProject;
			attributes = {
				BuildIndependentTargetsInParallel = 1;
				LastSwiftUpdateCheck = 1410;
				LastUpgradeCheck = 1410;
				TargetAttributes = {
					514E9B582951D3A500C9D5DA = {
						CreatedOnToolsVersion = 14.1;
					};
					514E9B712951D3A900C9D5DA = {
						CreatedOnToolsVersion = 14.1;
						TestTargetID = 514E9B582951D3A500C9D5DA;
					};
					514E9B7B2951D3A900C9D5DA = {
						CreatedOnToolsVersion = 14.1;
						TestTargetID = 514E9B582951D3A500C9D5DA;
					};
				};
			};
			buildConfigurationList = 514E9B542951D3A500C9D5DA /* Build configuration list for PBXProject "toDo-Ro" */;
			compatibilityVersion = "Xcode 14.0";
			developmentRegion = en;
			hasScannedForEncodings = 0;
			knownRegions = (
				en,
				Base,
			);
			mainGroup = 514E9B502951D3A500C9D5DA;
			packageReferences = (
				A3CE8B9D295DD9C0004C1A69 /* XCRemoteSwiftPackageReference "SwiftyGif" */,
			);
			productRefGroup = 514E9B5A2951D3A500C9D5DA /* Products */;
			projectDirPath = "";
			projectRoot = "";
			targets = (
				514E9B582951D3A500C9D5DA /* toDo-Ro */,
				514E9B712951D3A900C9D5DA /* toDo-RoTests */,
				514E9B7B2951D3A900C9D5DA /* toDo-RoUITests */,
			);
		};
/* End PBXProject section */

/* Begin PBXResourcesBuildPhase section */
		514E9B572951D3A500C9D5DA /* Resources */ = {
			isa = PBXResourcesBuildPhase;
			buildActionMask = 2147483647;
			files = (
				514E9B6C2951D3A800C9D5DA /* LaunchScreen.storyboard in Resources */,
				A3CE8BB1295DFD1A004C1A69 /* first.gif in Resources */,
				514E9B692951D3A800C9D5DA /* Assets.xcassets in Resources */,
			);
			runOnlyForDeploymentPostprocessing = 0;
		};
		514E9B702951D3A900C9D5DA /* Resources */ = {
			isa = PBXResourcesBuildPhase;
			buildActionMask = 2147483647;
			files = (
			);
			runOnlyForDeploymentPostprocessing = 0;
		};
		514E9B7A2951D3A900C9D5DA /* Resources */ = {
			isa = PBXResourcesBuildPhase;
			buildActionMask = 2147483647;
			files = (
			);
			runOnlyForDeploymentPostprocessing = 0;
		};
/* End PBXResourcesBuildPhase section */

/* Begin PBXSourcesBuildPhase section */
		514E9B552951D3A500C9D5DA /* Sources */ = {
			isa = PBXSourcesBuildPhase;
			buildActionMask = 2147483647;
			files = (
				514E9B612951D3A500C9D5DA /* TaskListViewController.swift in Sources */,
				A3CE8BA7295DDD82004C1A69 /* StartViewController.swift in Sources */,
				515C1DA5295354E70063F16D /* Box.swift in Sources */,
				A3CE8BAB295DDE36004C1A69 /* + UIView.swift in Sources */,
				515C1DA72953569F0063F16D /* TaskListCellViewModel.swift in Sources */,
				514E9B9B2951DF8D00C9D5DA /* StorageManager.swift in Sources */,
				5118346F2951EBA0000902F4 /* TasksViewController.swift in Sources */,
				514E9B942951DD1A00C9D5DA /* TaskLists+CoreDataClass.swift in Sources */,
				A3CE8BA9295DDDEA004C1A69 /* Gif.swift in Sources */,
				514E9B962951DD1A00C9D5DA /* Task+CoreDataClass.swift in Sources */,
				514E9B952951DD1A00C9D5DA /* TaskLists+CoreDataProperties.swift in Sources */,
				515C1D9E295341480063F16D /* TasksViewModel.swift in Sources */,
				514E9B5D2951D3A500C9D5DA /* AppDelegate.swift in Sources */,
				5118346C2951E762000902F4 /* + AlertController.swift in Sources */,
				514E9B672951D3A500C9D5DA /* toDo_Ro.xcdatamodeld in Sources */,
				A32605C4297092D4000B7114 /* Ractagle.swift in Sources */,
				514E9B972951DD1A00C9D5DA /* Task+CoreDataProperties.swift in Sources */,
				51183471295221C4000902F4 /* + TableViewCell.swift in Sources */,
				514E9B5F2951D3A500C9D5DA /* SceneDelegate.swift in Sources */,
			);
			runOnlyForDeploymentPostprocessing = 0;
		};
		514E9B6E2951D3A900C9D5DA /* Sources */ = {
			isa = PBXSourcesBuildPhase;
			buildActionMask = 2147483647;
			files = (
				A3CE8BB5295E0E27004C1A69 /* TaskTests.swift in Sources */,
				A37917A6296DCD0F00BCF84A /* TestTasksViewModel.swift in Sources */,
				A37917A2296DCC6C00BCF84A /* TestTaskListViewModel.swift in Sources */,
				514E9B772951D3A900C9D5DA /* TaskListsTests.swift in Sources */,
			);
			runOnlyForDeploymentPostprocessing = 0;
		};
		514E9B782951D3A900C9D5DA /* Sources */ = {
			isa = PBXSourcesBuildPhase;
			buildActionMask = 2147483647;
			files = (
				514E9B812951D3A900C9D5DA /* toDo_RoUITests.swift in Sources */,
				514E9B832951D3A900C9D5DA /* toDo_RoUITestsLaunchTests.swift in Sources */,
			);
			runOnlyForDeploymentPostprocessing = 0;
		};
/* End PBXSourcesBuildPhase section */

/* Begin PBXTargetDependency section */
		514E9B742951D3A900C9D5DA /* PBXTargetDependency */ = {
			isa = PBXTargetDependency;
			target = 514E9B582951D3A500C9D5DA /* toDo-Ro */;
			targetProxy = 514E9B732951D3A900C9D5DA /* PBXContainerItemProxy */;
		};
		514E9B7E2951D3A900C9D5DA /* PBXTargetDependency */ = {
			isa = PBXTargetDependency;
			target = 514E9B582951D3A500C9D5DA /* toDo-Ro */;
			targetProxy = 514E9B7D2951D3A900C9D5DA /* PBXContainerItemProxy */;
		};
/* End PBXTargetDependency section */

/* Begin PBXVariantGroup section */
		514E9B6A2951D3A800C9D5DA /* LaunchScreen.storyboard */ = {
			isa = PBXVariantGroup;
			children = (
				514E9B6B2951D3A800C9D5DA /* Base */,
			);
			name = LaunchScreen.storyboard;
			sourceTree = "<group>";
		};
/* End PBXVariantGroup section */

/* Begin XCBuildConfiguration section */
		514E9B842951D3A900C9D5DA /* Debug */ = {
			isa = XCBuildConfiguration;
			buildSettings = {
				ALWAYS_SEARCH_USER_PATHS = NO;
				CLANG_ANALYZER_NONNULL = YES;
				CLANG_ANALYZER_NUMBER_OBJECT_CONVERSION = YES_AGGRESSIVE;
				CLANG_CXX_LANGUAGE_STANDARD = "gnu++20";
				CLANG_ENABLE_MODULES = YES;
				CLANG_ENABLE_OBJC_ARC = YES;
				CLANG_ENABLE_OBJC_WEAK = YES;
				CLANG_WARN_BLOCK_CAPTURE_AUTORELEASING = YES;
				CLANG_WARN_BOOL_CONVERSION = YES;
				CLANG_WARN_COMMA = YES;
				CLANG_WARN_CONSTANT_CONVERSION = YES;
				CLANG_WARN_DEPRECATED_OBJC_IMPLEMENTATIONS = YES;
				CLANG_WARN_DIRECT_OBJC_ISA_USAGE = YES_ERROR;
				CLANG_WARN_DOCUMENTATION_COMMENTS = YES;
				CLANG_WARN_EMPTY_BODY = YES;
				CLANG_WARN_ENUM_CONVERSION = YES;
				CLANG_WARN_INFINITE_RECURSION = YES;
				CLANG_WARN_INT_CONVERSION = YES;
				CLANG_WARN_NON_LITERAL_NULL_CONVERSION = YES;
				CLANG_WARN_OBJC_IMPLICIT_RETAIN_SELF = YES;
				CLANG_WARN_OBJC_LITERAL_CONVERSION = YES;
				CLANG_WARN_OBJC_ROOT_CLASS = YES_ERROR;
				CLANG_WARN_QUOTED_INCLUDE_IN_FRAMEWORK_HEADER = YES;
				CLANG_WARN_RANGE_LOOP_ANALYSIS = YES;
				CLANG_WARN_STRICT_PROTOTYPES = YES;
				CLANG_WARN_SUSPICIOUS_MOVE = YES;
				CLANG_WARN_UNGUARDED_AVAILABILITY = YES_AGGRESSIVE;
				CLANG_WARN_UNREACHABLE_CODE = YES;
				CLANG_WARN__DUPLICATE_METHOD_MATCH = YES;
				COPY_PHASE_STRIP = NO;
				DEBUG_INFORMATION_FORMAT = dwarf;
				ENABLE_STRICT_OBJC_MSGSEND = YES;
				ENABLE_TESTABILITY = YES;
				GCC_C_LANGUAGE_STANDARD = gnu11;
				GCC_DYNAMIC_NO_PIC = NO;
				GCC_NO_COMMON_BLOCKS = YES;
				GCC_OPTIMIZATION_LEVEL = 0;
				GCC_PREPROCESSOR_DEFINITIONS = (
					"DEBUG=1",
					"$(inherited)",
				);
				GCC_WARN_64_TO_32_BIT_CONVERSION = YES;
				GCC_WARN_ABOUT_RETURN_TYPE = YES_ERROR;
				GCC_WARN_UNDECLARED_SELECTOR = YES;
				GCC_WARN_UNINITIALIZED_AUTOS = YES_AGGRESSIVE;
				GCC_WARN_UNUSED_FUNCTION = YES;
				GCC_WARN_UNUSED_VARIABLE = YES;
				IPHONEOS_DEPLOYMENT_TARGET = 16.1;
				MTL_ENABLE_DEBUG_INFO = INCLUDE_SOURCE;
				MTL_FAST_MATH = YES;
				ONLY_ACTIVE_ARCH = YES;
				SDKROOT = iphoneos;
				SWIFT_ACTIVE_COMPILATION_CONDITIONS = DEBUG;
				SWIFT_OPTIMIZATION_LEVEL = "-Onone";
			};
			name = Debug;
		};
		514E9B852951D3A900C9D5DA /* Release */ = {
			isa = XCBuildConfiguration;
			buildSettings = {
				ALWAYS_SEARCH_USER_PATHS = NO;
				CLANG_ANALYZER_NONNULL = YES;
				CLANG_ANALYZER_NUMBER_OBJECT_CONVERSION = YES_AGGRESSIVE;
				CLANG_CXX_LANGUAGE_STANDARD = "gnu++20";
				CLANG_ENABLE_MODULES = YES;
				CLANG_ENABLE_OBJC_ARC = YES;
				CLANG_ENABLE_OBJC_WEAK = YES;
				CLANG_WARN_BLOCK_CAPTURE_AUTORELEASING = YES;
				CLANG_WARN_BOOL_CONVERSION = YES;
				CLANG_WARN_COMMA = YES;
				CLANG_WARN_CONSTANT_CONVERSION = YES;
				CLANG_WARN_DEPRECATED_OBJC_IMPLEMENTATIONS = YES;
				CLANG_WARN_DIRECT_OBJC_ISA_USAGE = YES_ERROR;
				CLANG_WARN_DOCUMENTATION_COMMENTS = YES;
				CLANG_WARN_EMPTY_BODY = YES;
				CLANG_WARN_ENUM_CONVERSION = YES;
				CLANG_WARN_INFINITE_RECURSION = YES;
				CLANG_WARN_INT_CONVERSION = YES;
				CLANG_WARN_NON_LITERAL_NULL_CONVERSION = YES;
				CLANG_WARN_OBJC_IMPLICIT_RETAIN_SELF = YES;
				CLANG_WARN_OBJC_LITERAL_CONVERSION = YES;
				CLANG_WARN_OBJC_ROOT_CLASS = YES_ERROR;
				CLANG_WARN_QUOTED_INCLUDE_IN_FRAMEWORK_HEADER = YES;
				CLANG_WARN_RANGE_LOOP_ANALYSIS = YES;
				CLANG_WARN_STRICT_PROTOTYPES = YES;
				CLANG_WARN_SUSPICIOUS_MOVE = YES;
				CLANG_WARN_UNGUARDED_AVAILABILITY = YES_AGGRESSIVE;
				CLANG_WARN_UNREACHABLE_CODE = YES;
				CLANG_WARN__DUPLICATE_METHOD_MATCH = YES;
				COPY_PHASE_STRIP = NO;
				DEBUG_INFORMATION_FORMAT = "dwarf-with-dsym";
				ENABLE_NS_ASSERTIONS = NO;
				ENABLE_STRICT_OBJC_MSGSEND = YES;
				GCC_C_LANGUAGE_STANDARD = gnu11;
				GCC_NO_COMMON_BLOCKS = YES;
				GCC_WARN_64_TO_32_BIT_CONVERSION = YES;
				GCC_WARN_ABOUT_RETURN_TYPE = YES_ERROR;
				GCC_WARN_UNDECLARED_SELECTOR = YES;
				GCC_WARN_UNINITIALIZED_AUTOS = YES_AGGRESSIVE;
				GCC_WARN_UNUSED_FUNCTION = YES;
				GCC_WARN_UNUSED_VARIABLE = YES;
				IPHONEOS_DEPLOYMENT_TARGET = 16.1;
				MTL_ENABLE_DEBUG_INFO = NO;
				MTL_FAST_MATH = YES;
				SDKROOT = iphoneos;
				SWIFT_COMPILATION_MODE = wholemodule;
				SWIFT_OPTIMIZATION_LEVEL = "-O";
				VALIDATE_PRODUCT = YES;
			};
			name = Release;
		};
		514E9B872951D3A900C9D5DA /* Debug */ = {
			isa = XCBuildConfiguration;
			buildSettings = {
				ASSETCATALOG_COMPILER_APPICON_NAME = AppIcon;
				ASSETCATALOG_COMPILER_GLOBAL_ACCENT_COLOR_NAME = AccentColor;
				CODE_SIGN_STYLE = Automatic;
				CURRENT_PROJECT_VERSION = 1;
				DEVELOPMENT_TEAM = LBKPR9U7Q9;
				GENERATE_INFOPLIST_FILE = YES;
				INFOPLIST_FILE = "toDo-Ro/Supporting Files/Info.plist";
				INFOPLIST_KEY_UIApplicationSupportsIndirectInputEvents = YES;
				INFOPLIST_KEY_UILaunchStoryboardName = LaunchScreen;
				INFOPLIST_KEY_UISupportedInterfaceOrientations = UIInterfaceOrientationPortrait;
				INFOPLIST_KEY_UISupportedInterfaceOrientations_iPad = "UIInterfaceOrientationLandscapeLeft UIInterfaceOrientationLandscapeRight UIInterfaceOrientationPortrait UIInterfaceOrientationPortraitUpsideDown";
				IPHONEOS_DEPLOYMENT_TARGET = 15.5;
				LD_RUNPATH_SEARCH_PATHS = (
					"$(inherited)",
					"@executable_path/Frameworks",
				);
				MARKETING_VERSION = 1.0;
				PRODUCT_BUNDLE_IDENTIFIER = "com.tirexgroup.toDo-Ro";
				PRODUCT_NAME = "$(TARGET_NAME)";
				SUPPORTED_PLATFORMS = "iphoneos iphonesimulator";
				SUPPORTS_MACCATALYST = NO;
				SUPPORTS_MAC_DESIGNED_FOR_IPHONE_IPAD = NO;
				SWIFT_EMIT_LOC_STRINGS = YES;
				SWIFT_VERSION = 5.0;
				TARGETED_DEVICE_FAMILY = 1;
			};
			name = Debug;
		};
		514E9B882951D3A900C9D5DA /* Release */ = {
			isa = XCBuildConfiguration;
			buildSettings = {
				ASSETCATALOG_COMPILER_APPICON_NAME = AppIcon;
				ASSETCATALOG_COMPILER_GLOBAL_ACCENT_COLOR_NAME = AccentColor;
				CODE_SIGN_STYLE = Automatic;
				CURRENT_PROJECT_VERSION = 1;
				DEVELOPMENT_TEAM = LBKPR9U7Q9;
				GENERATE_INFOPLIST_FILE = YES;
				INFOPLIST_FILE = "toDo-Ro/Supporting Files/Info.plist";
				INFOPLIST_KEY_UIApplicationSupportsIndirectInputEvents = YES;
				INFOPLIST_KEY_UILaunchStoryboardName = LaunchScreen;
				INFOPLIST_KEY_UISupportedInterfaceOrientations = UIInterfaceOrientationPortrait;
				INFOPLIST_KEY_UISupportedInterfaceOrientations_iPad = "UIInterfaceOrientationLandscapeLeft UIInterfaceOrientationLandscapeRight UIInterfaceOrientationPortrait UIInterfaceOrientationPortraitUpsideDown";
				IPHONEOS_DEPLOYMENT_TARGET = 15.5;
				LD_RUNPATH_SEARCH_PATHS = (
					"$(inherited)",
					"@executable_path/Frameworks",
				);
				MARKETING_VERSION = 1.0;
				PRODUCT_BUNDLE_IDENTIFIER = "com.tirexgroup.toDo-Ro";
				PRODUCT_NAME = "$(TARGET_NAME)";
				SUPPORTED_PLATFORMS = "iphoneos iphonesimulator";
				SUPPORTS_MACCATALYST = NO;
				SUPPORTS_MAC_DESIGNED_FOR_IPHONE_IPAD = NO;
				SWIFT_EMIT_LOC_STRINGS = YES;
				SWIFT_VERSION = 5.0;
				TARGETED_DEVICE_FAMILY = 1;
			};
			name = Release;
		};
		514E9B8A2951D3A900C9D5DA /* Debug */ = {
			isa = XCBuildConfiguration;
			buildSettings = {
				ALWAYS_EMBED_SWIFT_STANDARD_LIBRARIES = YES;
				BUNDLE_LOADER = "$(TEST_HOST)";
				CODE_SIGN_STYLE = Automatic;
				CURRENT_PROJECT_VERSION = 1;
				DEVELOPMENT_TEAM = LBKPR9U7Q9;
				GENERATE_INFOPLIST_FILE = YES;
				IPHONEOS_DEPLOYMENT_TARGET = 16.1;
				MARKETING_VERSION = 1.0;
				PRODUCT_BUNDLE_IDENTIFIER = "com.tirexgroup.toDo-RoTests";
				PRODUCT_NAME = "$(TARGET_NAME)";
				SWIFT_EMIT_LOC_STRINGS = NO;
				SWIFT_VERSION = 5.0;
				TARGETED_DEVICE_FAMILY = "1,2";
				TEST_HOST = "$(BUILT_PRODUCTS_DIR)/toDo-Ro.app/$(BUNDLE_EXECUTABLE_FOLDER_PATH)/toDo-Ro";
			};
			name = Debug;
		};
		514E9B8B2951D3A900C9D5DA /* Release */ = {
			isa = XCBuildConfiguration;
			buildSettings = {
				ALWAYS_EMBED_SWIFT_STANDARD_LIBRARIES = YES;
				BUNDLE_LOADER = "$(TEST_HOST)";
				CODE_SIGN_STYLE = Automatic;
				CURRENT_PROJECT_VERSION = 1;
				DEVELOPMENT_TEAM = LBKPR9U7Q9;
				GENERATE_INFOPLIST_FILE = YES;
				IPHONEOS_DEPLOYMENT_TARGET = 16.1;
				MARKETING_VERSION = 1.0;
				PRODUCT_BUNDLE_IDENTIFIER = "com.tirexgroup.toDo-RoTests";
				PRODUCT_NAME = "$(TARGET_NAME)";
				SWIFT_EMIT_LOC_STRINGS = NO;
				SWIFT_VERSION = 5.0;
				TARGETED_DEVICE_FAMILY = "1,2";
				TEST_HOST = "$(BUILT_PRODUCTS_DIR)/toDo-Ro.app/$(BUNDLE_EXECUTABLE_FOLDER_PATH)/toDo-Ro";
			};
			name = Release;
		};
		514E9B8D2951D3A900C9D5DA /* Debug */ = {
			isa = XCBuildConfiguration;
			buildSettings = {
				ALWAYS_EMBED_SWIFT_STANDARD_LIBRARIES = YES;
				CODE_SIGN_STYLE = Automatic;
				CURRENT_PROJECT_VERSION = 1;
				DEVELOPMENT_TEAM = LBKPR9U7Q9;
				GENERATE_INFOPLIST_FILE = YES;
				MARKETING_VERSION = 1.0;
				PRODUCT_BUNDLE_IDENTIFIER = "com.tirexgroup.toDo-RoUITests";
				PRODUCT_NAME = "$(TARGET_NAME)";
				SWIFT_EMIT_LOC_STRINGS = NO;
				SWIFT_VERSION = 5.0;
				TARGETED_DEVICE_FAMILY = "1,2";
				TEST_TARGET_NAME = "toDo-Ro";
			};
			name = Debug;
		};
		514E9B8E2951D3A900C9D5DA /* Release */ = {
			isa = XCBuildConfiguration;
			buildSettings = {
				ALWAYS_EMBED_SWIFT_STANDARD_LIBRARIES = YES;
				CODE_SIGN_STYLE = Automatic;
				CURRENT_PROJECT_VERSION = 1;
				DEVELOPMENT_TEAM = LBKPR9U7Q9;
				GENERATE_INFOPLIST_FILE = YES;
				MARKETING_VERSION = 1.0;
				PRODUCT_BUNDLE_IDENTIFIER = "com.tirexgroup.toDo-RoUITests";
				PRODUCT_NAME = "$(TARGET_NAME)";
				SWIFT_EMIT_LOC_STRINGS = NO;
				SWIFT_VERSION = 5.0;
				TARGETED_DEVICE_FAMILY = "1,2";
				TEST_TARGET_NAME = "toDo-Ro";
			};
			name = Release;
		};
/* End XCBuildConfiguration section */

/* Begin XCConfigurationList section */
		514E9B542951D3A500C9D5DA /* Build configuration list for PBXProject "toDo-Ro" */ = {
			isa = XCConfigurationList;
			buildConfigurations = (
				514E9B842951D3A900C9D5DA /* Debug */,
				514E9B852951D3A900C9D5DA /* Release */,
			);
			defaultConfigurationIsVisible = 0;
			defaultConfigurationName = Release;
		};
		514E9B862951D3A900C9D5DA /* Build configuration list for PBXNativeTarget "toDo-Ro" */ = {
			isa = XCConfigurationList;
			buildConfigurations = (
				514E9B872951D3A900C9D5DA /* Debug */,
				514E9B882951D3A900C9D5DA /* Release */,
			);
			defaultConfigurationIsVisible = 0;
			defaultConfigurationName = Release;
		};
		514E9B892951D3A900C9D5DA /* Build configuration list for PBXNativeTarget "toDo-RoTests" */ = {
			isa = XCConfigurationList;
			buildConfigurations = (
				514E9B8A2951D3A900C9D5DA /* Debug */,
				514E9B8B2951D3A900C9D5DA /* Release */,
			);
			defaultConfigurationIsVisible = 0;
			defaultConfigurationName = Release;
		};
		514E9B8C2951D3A900C9D5DA /* Build configuration list for PBXNativeTarget "toDo-RoUITests" */ = {
			isa = XCConfigurationList;
			buildConfigurations = (
				514E9B8D2951D3A900C9D5DA /* Debug */,
				514E9B8E2951D3A900C9D5DA /* Release */,
			);
			defaultConfigurationIsVisible = 0;
			defaultConfigurationName = Release;
		};
/* End XCConfigurationList section */

/* Begin XCRemoteSwiftPackageReference section */
		A3CE8B9D295DD9C0004C1A69 /* XCRemoteSwiftPackageReference "SwiftyGif" */ = {
			isa = XCRemoteSwiftPackageReference;
			repositoryURL = "https://github.com/kirualex/SwiftyGif.git";
			requirement = {
				kind = upToNextMajorVersion;
				minimumVersion = 5.0.0;
			};
		};
/* End XCRemoteSwiftPackageReference section */

/* Begin XCSwiftPackageProductDependency section */
		A3CE8B9E295DD9C0004C1A69 /* SwiftyGif */ = {
			isa = XCSwiftPackageProductDependency;
			package = A3CE8B9D295DD9C0004C1A69 /* XCRemoteSwiftPackageReference "SwiftyGif" */;
			productName = SwiftyGif;
		};
/* End XCSwiftPackageProductDependency section */

/* Begin XCVersionGroup section */
		514E9B652951D3A500C9D5DA /* toDo_Ro.xcdatamodeld */ = {
			isa = XCVersionGroup;
			children = (
				514E9B662951D3A500C9D5DA /* toDo_Ro.xcdatamodel */,
			);
			currentVersion = 514E9B662951D3A500C9D5DA /* toDo_Ro.xcdatamodel */;
			path = toDo_Ro.xcdatamodeld;
			sourceTree = "<group>";
			versionGroupType = wrapper.xcdatamodel;
		};
/* End XCVersionGroup section */
	};
	rootObject = 514E9B512951D3A500C9D5DA /* Project object */;
}
